
Microsoft Visual Studio Solution File, Format Version 12.00
# Visual Studio Version 17
VisualStudioVersion = 17.8.34511.84
MinimumVisualStudioVersion = 10.0.40219.1
Project("{FAE04EC0-301F-11D3-BF4B-00C04F79EFBC}") = "homework01_minimalApi", "homework01_minimalApi\homework01_minimalApi.csproj", "{79604EF4-1B4C-4AD0-8C3E-3DD27891BE45}"
EndProject
Global
	GlobalSection(SolutionConfigurationPlatforms) = preSolution
		Debug|Any CPU = Debug|Any CPU
		Release|Any CPU = Release|Any CPU
	EndGlobalSection
	GlobalSection(ProjectConfigurationPlatforms) = postSolution
		{79604EF4-1B4C-4AD0-8C3E-3DD27891BE45}.Debug|Any CPU.ActiveCfg = Debug|Any CPU
		{79604EF4-1B4C-4AD0-8C3E-3DD27891BE45}.Debug|Any CPU.Build.0 = Debug|Any CPU
		{79604EF4-1B4C-4AD0-8C3E-3DD27891BE45}.Release|Any CPU.ActiveCfg = Release|Any CPU
		{79604EF4-1B4C-4AD0-8C3E-3DD27891BE45}.Release|Any CPU.Build.0 = Release|Any CPU
	EndGlobalSection
	GlobalSection(SolutionProperties) = preSolution
		HideSolutionNode = FALSE
	EndGlobalSection
	GlobalSection(ExtensibilityGlobals) = postSolution
		SolutionGuid = {C832992B-6AF0-497B-BA6B-F8A58167BD6E}
	EndGlobalSection
EndGlobal
